
Microsoft Visual Studio Solution File, Format Version 12.00
# Visual Studio Version 16
VisualStudioVersion = 16.0.30114.105
MinimumVisualStudioVersion = 10.0.40219.1
Project("{2150E333-8FDC-42A3-9474-1A3956D46DE8}") = "src", "src", "{D4B0D030-ACA3-46F0-93B3-571547D1C31D}"
EndProject
Project("{FAE04EC0-301F-11D3-BF4B-00C04F79EFBC}") = "Resources.Application", "src\Resources.Application\Resources.Application.csproj", "{B3B13755-20C2-43EF-B268-D22AA01AEBA1}"
EndProject
Project("{FAE04EC0-301F-11D3-BF4B-00C04F79EFBC}") = "Tests", "tests\Tests.csproj", "{CAAD16EB-E870-4CDA-91C9-433DB7D64B41}"
EndProject
Project("{FAE04EC0-301F-11D3-BF4B-00C04F79EFBC}") = "Resources.Role", "src\Resources.Role\Resources.Role.csproj", "{7DDF4F0C-1C26-407F-A360-EE1A2059B8EF}"
EndProject
Project("{2150E333-8FDC-42A3-9474-1A3956D46DE8}") = "cicd", "cicd", "{FD930334-BB33-4F2A-895C-73C3FDA9E7EC}"
EndProject
Project("{FAE04EC0-301F-11D3-BF4B-00C04F79EFBC}") = "Cicd.Artifacts", "cicd\Cicd.Artifacts\Cicd.Artifacts.csproj", "{57ACE264-B45A-48F6-A464-2D4572A637D5}"
EndProject
Project("{FAE04EC0-301F-11D3-BF4B-00C04F79EFBC}") = "Cicd.BuildDriver", "cicd\Cicd.BuildDriver\Cicd.BuildDriver.csproj", "{AE43099E-D1C2-49C0-92E8-9F2BB3430C1E}"
EndProject
Project("{FAE04EC0-301F-11D3-BF4B-00C04F79EFBC}") = "Cicd.DeployDriver", "cicd\Cicd.DeployDriver\Cicd.DeployDriver.csproj", "{0604866D-F14B-421A-9C0E-A983998A59E5}"
EndProject
Project("{FAE04EC0-301F-11D3-BF4B-00C04F79EFBC}") = "Cicd.Utils", "cicd\Cicd.Utils\Cicd.Utils.csproj", "{A4CAAFA7-7E58-49D8-B747-07FE4D5410C3}"
EndProject
Global
	GlobalSection(SolutionConfigurationPlatforms) = preSolution
		Debug|Any CPU = Debug|Any CPU
		Debug|x64 = Debug|x64
		Debug|x86 = Debug|x86
		Release|Any CPU = Release|Any CPU
		Release|x64 = Release|x64
		Release|x86 = Release|x86
	EndGlobalSection
	GlobalSection(SolutionProperties) = preSolution
		HideSolutionNode = FALSE
	EndGlobalSection
	GlobalSection(ProjectConfigurationPlatforms) = postSolution
		{B3B13755-20C2-43EF-B268-D22AA01AEBA1}.Debug|Any CPU.ActiveCfg = Debug|Any CPU
		{B3B13755-20C2-43EF-B268-D22AA01AEBA1}.Debug|Any CPU.Build.0 = Debug|Any CPU
		{B3B13755-20C2-43EF-B268-D22AA01AEBA1}.Debug|x64.ActiveCfg = Debug|Any CPU
		{B3B13755-20C2-43EF-B268-D22AA01AEBA1}.Debug|x64.Build.0 = Debug|Any CPU
		{B3B13755-20C2-43EF-B268-D22AA01AEBA1}.Debug|x86.ActiveCfg = Debug|Any CPU
		{B3B13755-20C2-43EF-B268-D22AA01AEBA1}.Debug|x86.Build.0 = Debug|Any CPU
		{B3B13755-20C2-43EF-B268-D22AA01AEBA1}.Release|Any CPU.ActiveCfg = Release|Any CPU
		{B3B13755-20C2-43EF-B268-D22AA01AEBA1}.Release|Any CPU.Build.0 = Release|Any CPU
		{B3B13755-20C2-43EF-B268-D22AA01AEBA1}.Release|x64.ActiveCfg = Release|Any CPU
		{B3B13755-20C2-43EF-B268-D22AA01AEBA1}.Release|x64.Build.0 = Release|Any CPU
		{B3B13755-20C2-43EF-B268-D22AA01AEBA1}.Release|x86.ActiveCfg = Release|Any CPU
		{B3B13755-20C2-43EF-B268-D22AA01AEBA1}.Release|x86.Build.0 = Release|Any CPU
		{CAAD16EB-E870-4CDA-91C9-433DB7D64B41}.Debug|Any CPU.ActiveCfg = Debug|Any CPU
		{CAAD16EB-E870-4CDA-91C9-433DB7D64B41}.Debug|Any CPU.Build.0 = Debug|Any CPU
		{CAAD16EB-E870-4CDA-91C9-433DB7D64B41}.Debug|x64.ActiveCfg = Debug|Any CPU
		{CAAD16EB-E870-4CDA-91C9-433DB7D64B41}.Debug|x64.Build.0 = Debug|Any CPU
		{CAAD16EB-E870-4CDA-91C9-433DB7D64B41}.Debug|x86.ActiveCfg = Debug|Any CPU
		{CAAD16EB-E870-4CDA-91C9-433DB7D64B41}.Debug|x86.Build.0 = Debug|Any CPU
		{CAAD16EB-E870-4CDA-91C9-433DB7D64B41}.Release|Any CPU.ActiveCfg = Release|Any CPU
		{CAAD16EB-E870-4CDA-91C9-433DB7D64B41}.Release|Any CPU.Build.0 = Release|Any CPU
		{CAAD16EB-E870-4CDA-91C9-433DB7D64B41}.Release|x64.ActiveCfg = Release|Any CPU
		{CAAD16EB-E870-4CDA-91C9-433DB7D64B41}.Release|x64.Build.0 = Release|Any CPU
		{CAAD16EB-E870-4CDA-91C9-433DB7D64B41}.Release|x86.ActiveCfg = Release|Any CPU
		{CAAD16EB-E870-4CDA-91C9-433DB7D64B41}.Release|x86.Build.0 = Release|Any CPU
		{7DDF4F0C-1C26-407F-A360-EE1A2059B8EF}.Debug|Any CPU.ActiveCfg = Debug|Any CPU
		{7DDF4F0C-1C26-407F-A360-EE1A2059B8EF}.Debug|Any CPU.Build.0 = Debug|Any CPU
		{7DDF4F0C-1C26-407F-A360-EE1A2059B8EF}.Debug|x64.ActiveCfg = Debug|Any CPU
		{7DDF4F0C-1C26-407F-A360-EE1A2059B8EF}.Debug|x64.Build.0 = Debug|Any CPU
		{7DDF4F0C-1C26-407F-A360-EE1A2059B8EF}.Debug|x86.ActiveCfg = Debug|Any CPU
		{7DDF4F0C-1C26-407F-A360-EE1A2059B8EF}.Debug|x86.Build.0 = Debug|Any CPU
		{7DDF4F0C-1C26-407F-A360-EE1A2059B8EF}.Release|Any CPU.ActiveCfg = Release|Any CPU
		{7DDF4F0C-1C26-407F-A360-EE1A2059B8EF}.Release|Any CPU.Build.0 = Release|Any CPU
		{7DDF4F0C-1C26-407F-A360-EE1A2059B8EF}.Release|x64.ActiveCfg = Release|Any CPU
		{7DDF4F0C-1C26-407F-A360-EE1A2059B8EF}.Release|x64.Build.0 = Release|Any CPU
		{7DDF4F0C-1C26-407F-A360-EE1A2059B8EF}.Release|x86.ActiveCfg = Release|Any CPU
		{7DDF4F0C-1C26-407F-A360-EE1A2059B8EF}.Release|x86.Build.0 = Release|Any CPU
		{57ACE264-B45A-48F6-A464-2D4572A637D5}.Debug|Any CPU.ActiveCfg = Debug|Any CPU
		{57ACE264-B45A-48F6-A464-2D4572A637D5}.Debug|Any CPU.Build.0 = Debug|Any CPU
		{57ACE264-B45A-48F6-A464-2D4572A637D5}.Debug|x64.ActiveCfg = Debug|Any CPU
		{57ACE264-B45A-48F6-A464-2D4572A637D5}.Debug|x64.Build.0 = Debug|Any CPU
		{57ACE264-B45A-48F6-A464-2D4572A637D5}.Debug|x86.ActiveCfg = Debug|Any CPU
		{57ACE264-B45A-48F6-A464-2D4572A637D5}.Debug|x86.Build.0 = Debug|Any CPU
		{57ACE264-B45A-48F6-A464-2D4572A637D5}.Release|Any CPU.ActiveCfg = Release|Any CPU
		{57ACE264-B45A-48F6-A464-2D4572A637D5}.Release|Any CPU.Build.0 = Release|Any CPU
		{57ACE264-B45A-48F6-A464-2D4572A637D5}.Release|x64.ActiveCfg = Release|Any CPU
		{57ACE264-B45A-48F6-A464-2D4572A637D5}.Release|x64.Build.0 = Release|Any CPU
		{57ACE264-B45A-48F6-A464-2D4572A637D5}.Release|x86.ActiveCfg = Release|Any CPU
		{57ACE264-B45A-48F6-A464-2D4572A637D5}.Release|x86.Build.0 = Release|Any CPU
		{AE43099E-D1C2-49C0-92E8-9F2BB3430C1E}.Debug|Any CPU.ActiveCfg = Debug|Any CPU
		{AE43099E-D1C2-49C0-92E8-9F2BB3430C1E}.Debug|Any CPU.Build.0 = Debug|Any CPU
		{AE43099E-D1C2-49C0-92E8-9F2BB3430C1E}.Debug|x64.ActiveCfg = Debug|Any CPU
		{AE43099E-D1C2-49C0-92E8-9F2BB3430C1E}.Debug|x64.Build.0 = Debug|Any CPU
		{AE43099E-D1C2-49C0-92E8-9F2BB3430C1E}.Debug|x86.ActiveCfg = Debug|Any CPU
		{AE43099E-D1C2-49C0-92E8-9F2BB3430C1E}.Debug|x86.Build.0 = Debug|Any CPU
		{AE43099E-D1C2-49C0-92E8-9F2BB3430C1E}.Release|Any CPU.ActiveCfg = Release|Any CPU
		{AE43099E-D1C2-49C0-92E8-9F2BB3430C1E}.Release|Any CPU.Build.0 = Release|Any CPU
		{AE43099E-D1C2-49C0-92E8-9F2BB3430C1E}.Release|x64.ActiveCfg = Release|Any CPU
		{AE43099E-D1C2-49C0-92E8-9F2BB3430C1E}.Release|x64.Build.0 = Release|Any CPU
		{AE43099E-D1C2-49C0-92E8-9F2BB3430C1E}.Release|x86.ActiveCfg = Release|Any CPU
		{AE43099E-D1C2-49C0-92E8-9F2BB3430C1E}.Release|x86.Build.0 = Release|Any CPU
		{0604866D-F14B-421A-9C0E-A983998A59E5}.Debug|Any CPU.ActiveCfg = Debug|Any CPU
		{0604866D-F14B-421A-9C0E-A983998A59E5}.Debug|Any CPU.Build.0 = Debug|Any CPU
		{0604866D-F14B-421A-9C0E-A983998A59E5}.Debug|x64.ActiveCfg = Debug|Any CPU
		{0604866D-F14B-421A-9C0E-A983998A59E5}.Debug|x64.Build.0 = Debug|Any CPU
		{0604866D-F14B-421A-9C0E-A983998A59E5}.Debug|x86.ActiveCfg = Debug|Any CPU
		{0604866D-F14B-421A-9C0E-A983998A59E5}.Debug|x86.Build.0 = Debug|Any CPU
		{0604866D-F14B-421A-9C0E-A983998A59E5}.Release|Any CPU.ActiveCfg = Release|Any CPU
		{0604866D-F14B-421A-9C0E-A983998A59E5}.Release|Any CPU.Build.0 = Release|Any CPU
		{0604866D-F14B-421A-9C0E-A983998A59E5}.Release|x64.ActiveCfg = Release|Any CPU
		{0604866D-F14B-421A-9C0E-A983998A59E5}.Release|x64.Build.0 = Release|Any CPU
		{0604866D-F14B-421A-9C0E-A983998A59E5}.Release|x86.ActiveCfg = Release|Any CPU
		{0604866D-F14B-421A-9C0E-A983998A59E5}.Release|x86.Build.0 = Release|Any CPU
		{A4CAAFA7-7E58-49D8-B747-07FE4D5410C3}.Debug|Any CPU.ActiveCfg = Debug|Any CPU
		{A4CAAFA7-7E58-49D8-B747-07FE4D5410C3}.Debug|Any CPU.Build.0 = Debug|Any CPU
		{A4CAAFA7-7E58-49D8-B747-07FE4D5410C3}.Debug|x64.ActiveCfg = Debug|Any CPU
		{A4CAAFA7-7E58-49D8-B747-07FE4D5410C3}.Debug|x64.Build.0 = Debug|Any CPU
		{A4CAAFA7-7E58-49D8-B747-07FE4D5410C3}.Debug|x86.ActiveCfg = Debug|Any CPU
		{A4CAAFA7-7E58-49D8-B747-07FE4D5410C3}.Debug|x86.Build.0 = Debug|Any CPU
		{A4CAAFA7-7E58-49D8-B747-07FE4D5410C3}.Release|Any CPU.ActiveCfg = Release|Any CPU
		{A4CAAFA7-7E58-49D8-B747-07FE4D5410C3}.Release|Any CPU.Build.0 = Release|Any CPU
		{A4CAAFA7-7E58-49D8-B747-07FE4D5410C3}.Release|x64.ActiveCfg = Release|Any CPU
		{A4CAAFA7-7E58-49D8-B747-07FE4D5410C3}.Release|x64.Build.0 = Release|Any CPU
		{A4CAAFA7-7E58-49D8-B747-07FE4D5410C3}.Release|x86.ActiveCfg = Release|Any CPU
		{A4CAAFA7-7E58-49D8-B747-07FE4D5410C3}.Release|x86.Build.0 = Release|Any CPU
	EndGlobalSection
	GlobalSection(NestedProjects) = preSolution
		{B3B13755-20C2-43EF-B268-D22AA01AEBA1} = {D4B0D030-ACA3-46F0-93B3-571547D1C31D}
		{7DDF4F0C-1C26-407F-A360-EE1A2059B8EF} = {D4B0D030-ACA3-46F0-93B3-571547D1C31D}
		{57ACE264-B45A-48F6-A464-2D4572A637D5} = {FD930334-BB33-4F2A-895C-73C3FDA9E7EC}
		{AE43099E-D1C2-49C0-92E8-9F2BB3430C1E} = {FD930334-BB33-4F2A-895C-73C3FDA9E7EC}
		{0604866D-F14B-421A-9C0E-A983998A59E5} = {FD930334-BB33-4F2A-895C-73C3FDA9E7EC}
		{A4CAAFA7-7E58-49D8-B747-07FE4D5410C3} = {FD930334-BB33-4F2A-895C-73C3FDA9E7EC}
	EndGlobalSection
EndGlobal
